# This file is automatically @generated by Cargo.
# It is not intended for manual editing.
version = 4

[[package]]
name = "mercury_ast"
version = "0.1.0"
dependencies = [
 "mercury_span",
]

[[package]]
name = "mercury_diag"
version = "0.1.0"
dependencies = [
 "mercury_span",
]

[[package]]
name = "mercury_driver"
version = "0.1.0"
dependencies = [
 "mercury_diag",
 "mercury_lexer",
 "mercury_span",
]

[[package]]
name = "mercury_lexer"
version = "0.1.0"
dependencies = [
 "mercury_diag",
 "mercury_span",
]

[[package]]
name = "mercury_span"
version = "0.1.0"

[[package]]
name = "mercuryc"
version = "0.1.0"
dependencies = [
 "mercury_driver",
]
